{
  "name": "@nx-test/core-web-components",
  "version": "0.0.1",
  "lockfileVersion": 1,
  "requires": true,
  "dependencies": {
    "@types/preact-custom-element": {
      "version": "4.0.4",
      "resolved": "https://registry.npmjs.org/@types/preact-custom-element/-/preact-custom-element-4.0.4.tgz",
      "integrity": "sha512-CkdXbHUnnJAluudh/3Y3hj4gx+mzl+GnqJuWUdEWKvppVQu7SqvvRlgkJVS73lRteC+BOnQ2TdLwZFZKHxNNnQ==",
      "dev": true,
      "requires": {
        "preact": "^10.0.0"
      }
    },
    "preact": {
      "version": "10.19.2",
      "resolved": "https://registry.npmjs.org/preact/-/preact-10.19.2.tgz",
      "integrity": "sha512-UA9DX/OJwv6YwP9Vn7Ti/vF80XL+YA5H2l7BpCtUr3ya8LWHFzpiO5R+N7dN16ujpIxhekRFuOOF82bXX7K/lg==",
      "dev": true
    }
  }
}
